// !$*UTF8*$!
{
	archiveVersion = 1;
	classes = {
	};
	objectVersion = 46;
	objects = {

/* Begin PBXBuildFile section */
		541BFF1034FA38FE176BAAAA /* libPods-Hangout.a in Frameworks */ = {isa = PBXBuildFile; fileRef = 9252B453EC546B12AB63C4FD /* libPods-Hangout.a */; };
		D0025AEE1DB73ABA008C8A54 /* MapKit.framework in Frameworks */ = {isa = PBXBuildFile; fileRef = D0025AED1DB73ABA008C8A54 /* MapKit.framework */; };
		D0025AF01DB819A5008C8A54 /* Images.xcassets in Resources */ = {isa = PBXBuildFile; fileRef = D0025AEF1DB819A5008C8A54 /* Images.xcassets */; };
		D0025AF21DB819DE008C8A54 /* PlaceMarker.swift in Sources */ = {isa = PBXBuildFile; fileRef = D0025AF11DB819DE008C8A54 /* PlaceMarker.swift */; };
		D0025AF41DB9954B008C8A54 /* GroupTableCell.swift in Sources */ = {isa = PBXBuildFile; fileRef = D0025AF31DB9954B008C8A54 /* GroupTableCell.swift */; };
		D012E5A31DCBD7A900066C94 /* Hangout.xcdatamodeld in Sources */ = {isa = PBXBuildFile; fileRef = D012E5A11DCBD7A900066C94 /* Hangout.xcdatamodeld */; };
		D029D8351DB05A4900A79CFC /* AppDelegate.swift in Sources */ = {isa = PBXBuildFile; fileRef = D029D8341DB05A4900A79CFC /* AppDelegate.swift */; };
		D029D8371DB05A4900A79CFC /* RecommendationViewController.swift in Sources */ = {isa = PBXBuildFile; fileRef = D029D8361DB05A4900A79CFC /* RecommendationViewController.swift */; };
		D029D8391DB05A4900A79CFC /* GroupListViewController.swift in Sources */ = {isa = PBXBuildFile; fileRef = D029D8381DB05A4900A79CFC /* GroupListViewController.swift */; };
		D029D83C1DB05A4900A79CFC /* Main.storyboard in Resources */ = {isa = PBXBuildFile; fileRef = D029D83A1DB05A4900A79CFC /* Main.storyboard */; };
		D029D83E1DB05A4900A79CFC /* Assets.xcassets in Resources */ = {isa = PBXBuildFile; fileRef = D029D83D1DB05A4900A79CFC /* Assets.xcassets */; };
		D029D8411DB05A4900A79CFC /* LaunchScreen.storyboard in Resources */ = {isa = PBXBuildFile; fileRef = D029D83F1DB05A4900A79CFC /* LaunchScreen.storyboard */; };
		D029D84A1DB05B8C00A79CFC /* SettingsViewController.swift in Sources */ = {isa = PBXBuildFile; fileRef = D029D8491DB05B8C00A79CFC /* SettingsViewController.swift */; };
		D048FFA81DC8683800822BF4 /* AddMembersViewController.swift in Sources */ = {isa = PBXBuildFile; fileRef = D048FFA71DC8683800822BF4 /* AddMembersViewController.swift */; };
		D048FFAC1DC9458800822BF4 /* UserTableCell.swift in Sources */ = {isa = PBXBuildFile; fileRef = D048FFAB1DC9458800822BF4 /* UserTableCell.swift */; };
		D05E84F91DD31851004477C9 /* HangoutTableCell.swift in Sources */ = {isa = PBXBuildFile; fileRef = D05E84F81DD31851004477C9 /* HangoutTableCell.swift */; };
		D09254CB1DD28AFC009C6F97 /* GroupViewController.swift in Sources */ = {isa = PBXBuildFile; fileRef = D09254CA1DD28AFC009C6F97 /* GroupViewController.swift */; };
		D0A36E181DD12C8100D5F648 /* Bolts.framework in Frameworks */ = {isa = PBXBuildFile; fileRef = D0A36E171DD12C8100D5F648 /* Bolts.framework */; };
		D0A36E1F1DD1AFFE00D5F648 /* Hangout+CoreDataClass.swift in Sources */ = {isa = PBXBuildFile; fileRef = D0A36E191DD1AFFE00D5F648 /* Hangout+CoreDataClass.swift */; };
		D0A36E201DD1AFFE00D5F648 /* Hangout+CoreDataProperties.swift in Sources */ = {isa = PBXBuildFile; fileRef = D0A36E1A1DD1AFFE00D5F648 /* Hangout+CoreDataProperties.swift */; };
		D0A36E211DD1AFFE00D5F648 /* Group+CoreDataClass.swift in Sources */ = {isa = PBXBuildFile; fileRef = D0A36E1B1DD1AFFE00D5F648 /* Group+CoreDataClass.swift */; };
		D0A36E221DD1AFFE00D5F648 /* Group+CoreDataProperties.swift in Sources */ = {isa = PBXBuildFile; fileRef = D0A36E1C1DD1AFFE00D5F648 /* Group+CoreDataProperties.swift */; };
		D0A36E231DD1AFFE00D5F648 /* User+CoreDataClass.swift in Sources */ = {isa = PBXBuildFile; fileRef = D0A36E1D1DD1AFFE00D5F648 /* User+CoreDataClass.swift */; };
		D0A36E241DD1AFFE00D5F648 /* User+CoreDataProperties.swift in Sources */ = {isa = PBXBuildFile; fileRef = D0A36E1E1DD1AFFE00D5F648 /* User+CoreDataProperties.swift */; };
		D0BC5FAB1DD0615C00C523BD /* FBSDKLoginKit.framework in Frameworks */ = {isa = PBXBuildFile; fileRef = D0BC5FAA1DD0615C00C523BD /* FBSDKLoginKit.framework */; };
		D0BC5FAF1DD0679F00C523BD /* FBSDKCoreKit.framework in Frameworks */ = {isa = PBXBuildFile; fileRef = D0BC5FAE1DD0679F00C523BD /* FBSDKCoreKit.framework */; };
/* End PBXBuildFile section */

/* Begin PBXFileReference section */
		31291CA72454FC519D7FF9D0 /* Pods-Hangout.release.xcconfig */ = {isa = PBXFileReference; includeInIndex = 1; lastKnownFileType = text.xcconfig; name = "Pods-Hangout.release.xcconfig"; path = "Pods/Target Support Files/Pods-Hangout/Pods-Hangout.release.xcconfig"; sourceTree = "<group>"; };
		365B2D06677741C9E5D72067 /* Pods-Hangout.debug.xcconfig */ = {isa = PBXFileReference; includeInIndex = 1; lastKnownFileType = text.xcconfig; name = "Pods-Hangout.debug.xcconfig"; path = "Pods/Target Support Files/Pods-Hangout/Pods-Hangout.debug.xcconfig"; sourceTree = "<group>"; };
		9252B453EC546B12AB63C4FD /* libPods-Hangout.a */ = {isa = PBXFileReference; explicitFileType = archive.ar; includeInIndex = 0; path = "libPods-Hangout.a"; sourceTree = BUILT_PRODUCTS_DIR; };
		D0025AED1DB73ABA008C8A54 /* MapKit.framework */ = {isa = PBXFileReference; lastKnownFileType = wrapper.framework; name = MapKit.framework; path = System/Library/Frameworks/MapKit.framework; sourceTree = SDKROOT; };
		D0025AEF1DB819A5008C8A54 /* Images.xcassets */ = {isa = PBXFileReference; lastKnownFileType = folder.assetcatalog; path = Images.xcassets; sourceTree = "<group>"; };
		D0025AF11DB819DE008C8A54 /* PlaceMarker.swift */ = {isa = PBXFileReference; fileEncoding = 4; lastKnownFileType = sourcecode.swift; path = PlaceMarker.swift; sourceTree = "<group>"; };
		D0025AF31DB9954B008C8A54 /* GroupTableCell.swift */ = {isa = PBXFileReference; fileEncoding = 4; lastKnownFileType = sourcecode.swift; path = GroupTableCell.swift; sourceTree = "<group>"; };
		D012E5A21DCBD7A900066C94 /* Hangout.xcdatamodel */ = {isa = PBXFileReference; lastKnownFileType = wrapper.xcdatamodel; path = Hangout.xcdatamodel; sourceTree = "<group>"; };
		D029D8311DB05A4900A79CFC /* Hangout.app */ = {isa = PBXFileReference; explicitFileType = wrapper.application; includeInIndex = 0; path = Hangout.app; sourceTree = BUILT_PRODUCTS_DIR; };
		D029D8341DB05A4900A79CFC /* AppDelegate.swift */ = {isa = PBXFileReference; lastKnownFileType = sourcecode.swift; path = AppDelegate.swift; sourceTree = "<group>"; };
		D029D8361DB05A4900A79CFC /* RecommendationViewController.swift */ = {isa = PBXFileReference; lastKnownFileType = sourcecode.swift; path = RecommendationViewController.swift; sourceTree = "<group>"; };
		D029D8381DB05A4900A79CFC /* GroupListViewController.swift */ = {isa = PBXFileReference; lastKnownFileType = sourcecode.swift; path = GroupListViewController.swift; sourceTree = "<group>"; };
		D029D83B1DB05A4900A79CFC /* Base */ = {isa = PBXFileReference; lastKnownFileType = file.storyboard; name = Base; path = Base.lproj/Main.storyboard; sourceTree = "<group>"; };
		D029D83D1DB05A4900A79CFC /* Assets.xcassets */ = {isa = PBXFileReference; lastKnownFileType = folder.assetcatalog; path = Assets.xcassets; sourceTree = "<group>"; };
		D029D8401DB05A4900A79CFC /* Base */ = {isa = PBXFileReference; lastKnownFileType = file.storyboard; name = Base; path = Base.lproj/LaunchScreen.storyboard; sourceTree = "<group>"; };
		D029D8421DB05A4900A79CFC /* Info.plist */ = {isa = PBXFileReference; lastKnownFileType = text.plist.xml; path = Info.plist; sourceTree = "<group>"; };
		D029D8491DB05B8C00A79CFC /* SettingsViewController.swift */ = {isa = PBXFileReference; fileEncoding = 4; lastKnownFileType = sourcecode.swift; path = SettingsViewController.swift; sourceTree = "<group>"; };
		D048FFA71DC8683800822BF4 /* AddMembersViewController.swift */ = {isa = PBXFileReference; fileEncoding = 4; lastKnownFileType = sourcecode.swift; path = AddMembersViewController.swift; sourceTree = "<group>"; };
		D048FFAB1DC9458800822BF4 /* UserTableCell.swift */ = {isa = PBXFileReference; fileEncoding = 4; lastKnownFileType = sourcecode.swift; path = UserTableCell.swift; sourceTree = "<group>"; };
		D05E84F81DD31851004477C9 /* HangoutTableCell.swift */ = {isa = PBXFileReference; fileEncoding = 4; lastKnownFileType = sourcecode.swift; path = HangoutTableCell.swift; sourceTree = "<group>"; };
		D09254CA1DD28AFC009C6F97 /* GroupViewController.swift */ = {isa = PBXFileReference; fileEncoding = 4; lastKnownFileType = sourcecode.swift; path = GroupViewController.swift; sourceTree = "<group>"; };
		D0A36E171DD12C8100D5F648 /* Bolts.framework */ = {isa = PBXFileReference; lastKnownFileType = wrapper.framework; path = Bolts.framework; sourceTree = "<group>"; };
		D0A36E191DD1AFFE00D5F648 /* Hangout+CoreDataClass.swift */ = {isa = PBXFileReference; fileEncoding = 4; lastKnownFileType = sourcecode.swift; path = "Hangout+CoreDataClass.swift"; sourceTree = "<group>"; };
		D0A36E1A1DD1AFFE00D5F648 /* Hangout+CoreDataProperties.swift */ = {isa = PBXFileReference; fileEncoding = 4; lastKnownFileType = sourcecode.swift; path = "Hangout+CoreDataProperties.swift"; sourceTree = "<group>"; };
		D0A36E1B1DD1AFFE00D5F648 /* Group+CoreDataClass.swift */ = {isa = PBXFileReference; fileEncoding = 4; lastKnownFileType = sourcecode.swift; path = "Group+CoreDataClass.swift"; sourceTree = "<group>"; };
		D0A36E1C1DD1AFFE00D5F648 /* Group+CoreDataProperties.swift */ = {isa = PBXFileReference; fileEncoding = 4; lastKnownFileType = sourcecode.swift; path = "Group+CoreDataProperties.swift"; sourceTree = "<group>"; };
		D0A36E1D1DD1AFFE00D5F648 /* User+CoreDataClass.swift */ = {isa = PBXFileReference; fileEncoding = 4; lastKnownFileType = sourcecode.swift; path = "User+CoreDataClass.swift"; sourceTree = "<group>"; };
		D0A36E1E1DD1AFFE00D5F648 /* User+CoreDataProperties.swift */ = {isa = PBXFileReference; fileEncoding = 4; lastKnownFileType = sourcecode.swift; path = "User+CoreDataProperties.swift"; sourceTree = "<group>"; };
		D0BC5FAA1DD0615C00C523BD /* FBSDKLoginKit.framework */ = {isa = PBXFileReference; lastKnownFileType = wrapper.framework; path = FBSDKLoginKit.framework; sourceTree = "<group>"; };
		D0BC5FAD1DD066CC00C523BD /* Hangout-Bridging-Header.h */ = {isa = PBXFileReference; fileEncoding = 4; lastKnownFileType = sourcecode.c.h; path = "Hangout-Bridging-Header.h"; sourceTree = "<group>"; };
		D0BC5FAE1DD0679F00C523BD /* FBSDKCoreKit.framework */ = {isa = PBXFileReference; lastKnownFileType = wrapper.framework; path = FBSDKCoreKit.framework; sourceTree = "<group>"; };
/* End PBXFileReference section */

/* Begin PBXFrameworksBuildPhase section */
		D029D82E1DB05A4900A79CFC /* Frameworks */ = {
			isa = PBXFrameworksBuildPhase;
			buildActionMask = 2147483647;
			files = (
				D0A36E181DD12C8100D5F648 /* Bolts.framework in Frameworks */,
				D0025AEE1DB73ABA008C8A54 /* MapKit.framework in Frameworks */,
				D0BC5FAF1DD0679F00C523BD /* FBSDKCoreKit.framework in Frameworks */,
				541BFF1034FA38FE176BAAAA /* libPods-Hangout.a in Frameworks */,
				D0BC5FAB1DD0615C00C523BD /* FBSDKLoginKit.framework in Frameworks */,
			);
			runOnlyForDeploymentPostprocessing = 0;
		};
/* End PBXFrameworksBuildPhase section */

/* Begin PBXGroup section */
		4251C128D48AD0AE6EDC5419 /* Pods */ = {
			isa = PBXGroup;
			children = (
				365B2D06677741C9E5D72067 /* Pods-Hangout.debug.xcconfig */,
				31291CA72454FC519D7FF9D0 /* Pods-Hangout.release.xcconfig */,
			);
			name = Pods;
			sourceTree = "<group>";
		};
		D0025AFB1DB9B60E008C8A54 /* Groups Tab */ = {
			isa = PBXGroup;
			children = (
				D029D8381DB05A4900A79CFC /* GroupListViewController.swift */,
				D0025AF31DB9954B008C8A54 /* GroupTableCell.swift */,
				D05E84FA1DD31874004477C9 /* Group Hangouts */,
				D09254CD1DD2F9E2009C6F97 /* AddMembers */,
			);
			name = "Groups Tab";
			sourceTree = "<group>";
		};
		D029D8281DB05A4800A79CFC = {
			isa = PBXGroup;
			children = (
				D029D8331DB05A4900A79CFC /* Hangout */,
				D029D8321DB05A4900A79CFC /* Products */,
				D0025AEF1DB819A5008C8A54 /* Images.xcassets */,
				4251C128D48AD0AE6EDC5419 /* Pods */,
				FB07CC4C8BD9F9D8BAFED7C0 /* Frameworks */,
			);
			sourceTree = "<group>";
		};
		D029D8321DB05A4900A79CFC /* Products */ = {
			isa = PBXGroup;
			children = (
				D029D8311DB05A4900A79CFC /* Hangout.app */,
			);
			name = Products;
			sourceTree = "<group>";
		};
		D029D8331DB05A4900A79CFC /* Hangout */ = {
			isa = PBXGroup;
			children = (
				D029D8481DB05A5400A79CFC /* Supporting Files */,
				D0BC5FA51DD04F4800C523BD /* Core Data */,
				D029D83A1DB05A4900A79CFC /* Main.storyboard */,
				D029D8361DB05A4900A79CFC /* RecommendationViewController.swift */,
				D0025AF11DB819DE008C8A54 /* PlaceMarker.swift */,
				D0025AFB1DB9B60E008C8A54 /* Groups Tab */,
				D029D8491DB05B8C00A79CFC /* SettingsViewController.swift */,
			);
			path = Hangout;
			sourceTree = "<group>";
		};
		D029D8481DB05A5400A79CFC /* Supporting Files */ = {
			isa = PBXGroup;
			children = (
				D0BC5FAD1DD066CC00C523BD /* Hangout-Bridging-Header.h */,
				D029D8341DB05A4900A79CFC /* AppDelegate.swift */,
				D029D83D1DB05A4900A79CFC /* Assets.xcassets */,
				D029D83F1DB05A4900A79CFC /* LaunchScreen.storyboard */,
				D029D8421DB05A4900A79CFC /* Info.plist */,
			);
			name = "Supporting Files";
			sourceTree = "<group>";
		};
		D05E84FA1DD31874004477C9 /* Group Hangouts */ = {
			isa = PBXGroup;
			children = (
				D09254CA1DD28AFC009C6F97 /* GroupViewController.swift */,
				D05E84F81DD31851004477C9 /* HangoutTableCell.swift */,
			);
			name = "Group Hangouts";
			sourceTree = "<group>";
		};
		D09254CD1DD2F9E2009C6F97 /* AddMembers */ = {
			isa = PBXGroup;
			children = (
				D048FFA71DC8683800822BF4 /* AddMembersViewController.swift */,
				D048FFAB1DC9458800822BF4 /* UserTableCell.swift */,
			);
			name = AddMembers;
			sourceTree = "<group>";
		};
		D0BC5FA51DD04F4800C523BD /* Core Data */ = {
			isa = PBXGroup;
			children = (
				D012E5A11DCBD7A900066C94 /* Hangout.xcdatamodeld */,
				D0A36E191DD1AFFE00D5F648 /* Hangout+CoreDataClass.swift */,
				D0A36E1A1DD1AFFE00D5F648 /* Hangout+CoreDataProperties.swift */,
				D0A36E1B1DD1AFFE00D5F648 /* Group+CoreDataClass.swift */,
				D0A36E1C1DD1AFFE00D5F648 /* Group+CoreDataProperties.swift */,
				D0A36E1D1DD1AFFE00D5F648 /* User+CoreDataClass.swift */,
				D0A36E1E1DD1AFFE00D5F648 /* User+CoreDataProperties.swift */,
			);
			name = "Core Data";
			sourceTree = "<group>";
		};
		FB07CC4C8BD9F9D8BAFED7C0 /* Frameworks */ = {
			isa = PBXGroup;
			children = (
				D0A36E171DD12C8100D5F648 /* Bolts.framework */,
				D0BC5FAE1DD0679F00C523BD /* FBSDKCoreKit.framework */,
				D0BC5FAA1DD0615C00C523BD /* FBSDKLoginKit.framework */,
				D0025AED1DB73ABA008C8A54 /* MapKit.framework */,
				9252B453EC546B12AB63C4FD /* libPods-Hangout.a */,
			);
			name = Frameworks;
			sourceTree = "<group>";
		};
/* End PBXGroup section */

/* Begin PBXNativeTarget section */
		D029D8301DB05A4900A79CFC /* Hangout */ = {
			isa = PBXNativeTarget;
			buildConfigurationList = D029D8451DB05A4900A79CFC /* Build configuration list for PBXNativeTarget "Hangout" */;
			buildPhases = (
				2A62F910C52E48BFFEC7B478 /* [CP] Check Pods Manifest.lock */,
				D029D82D1DB05A4900A79CFC /* Sources */,
				D029D82E1DB05A4900A79CFC /* Frameworks */,
				D029D82F1DB05A4900A79CFC /* Resources */,
				7AE74938F049B36D9202A520 /* [CP] Embed Pods Frameworks */,
				6A73CF848D39D7AE59BD4F13 /* [CP] Copy Pods Resources */,
			);
			buildRules = (
			);
			dependencies = (
			);
			name = Hangout;
			productName = Hangout;
			productReference = D029D8311DB05A4900A79CFC /* Hangout.app */;
			productType = "com.apple.product-type.application";
		};
/* End PBXNativeTarget section */

/* Begin PBXProject section */
		D029D8291DB05A4800A79CFC /* Project object */ = {
			isa = PBXProject;
			attributes = {
				LastSwiftUpdateCheck = 0800;
				LastUpgradeCheck = 0800;
				ORGANIZATIONNAME = "Derek Vallar";
				TargetAttributes = {
					D029D8301DB05A4900A79CFC = {
						CreatedOnToolsVersion = 8.0;
						DevelopmentTeam = 4SWT652875;
						ProvisioningStyle = Automatic;
						SystemCapabilities = {
							com.apple.Maps.iOS = {
								enabled = 1;
							};
						};
					};
				};
			};
			buildConfigurationList = D029D82C1DB05A4800A79CFC /* Build configuration list for PBXProject "Hangout" */;
			compatibilityVersion = "Xcode 3.2";
			developmentRegion = English;
			hasScannedForEncodings = 0;
			knownRegions = (
				en,
				Base,
			);
			mainGroup = D029D8281DB05A4800A79CFC;
			productRefGroup = D029D8321DB05A4900A79CFC /* Products */;
			projectDirPath = "";
			projectRoot = "";
			targets = (
				D029D8301DB05A4900A79CFC /* Hangout */,
			);
		};
/* End PBXProject section */

/* Begin PBXResourcesBuildPhase section */
		D029D82F1DB05A4900A79CFC /* Resources */ = {
			isa = PBXResourcesBuildPhase;
			buildActionMask = 2147483647;
			files = (
				D029D8411DB05A4900A79CFC /* LaunchScreen.storyboard in Resources */,
				D0025AF01DB819A5008C8A54 /* Images.xcassets in Resources */,
				D029D83E1DB05A4900A79CFC /* Assets.xcassets in Resources */,
				D029D83C1DB05A4900A79CFC /* Main.storyboard in Resources */,
			);
			runOnlyForDeploymentPostprocessing = 0;
		};
/* End PBXResourcesBuildPhase section */

/* Begin PBXShellScriptBuildPhase section */
		2A62F910C52E48BFFEC7B478 /* [CP] Check Pods Manifest.lock */ = {
			isa = PBXShellScriptBuildPhase;
			buildActionMask = 2147483647;
			files = (
			);
			inputPaths = (
			);
			name = "[CP] Check Pods Manifest.lock";
			outputPaths = (
			);
			runOnlyForDeploymentPostprocessing = 0;
			shellPath = /bin/sh;
			shellScript = "diff \"${PODS_ROOT}/../Podfile.lock\" \"${PODS_ROOT}/Manifest.lock\" > /dev/null\nif [[ $? != 0 ]] ; then\n    cat << EOM\nerror: The sandbox is not in sync with the Podfile.lock. Run 'pod install' or update your CocoaPods installation.\nEOM\n    exit 1\nfi\n";
			showEnvVarsInLog = 0;
		};
		6A73CF848D39D7AE59BD4F13 /* [CP] Copy Pods Resources */ = {
			isa = PBXShellScriptBuildPhase;
			buildActionMask = 2147483647;
			files = (
			);
			inputPaths = (
			);
			name = "[CP] Copy Pods Resources";
			outputPaths = (
			);
			runOnlyForDeploymentPostprocessing = 0;
			shellPath = /bin/sh;
			shellScript = "\"${SRCROOT}/Pods/Target Support Files/Pods-Hangout/Pods-Hangout-resources.sh\"\n";
			showEnvVarsInLog = 0;
		};
		7AE74938F049B36D9202A520 /* [CP] Embed Pods Frameworks */ = {
			isa = PBXShellScriptBuildPhase;
			buildActionMask = 2147483647;
			files = (
			);
			inputPaths = (
			);
			name = "[CP] Embed Pods Frameworks";
			outputPaths = (
			);
			runOnlyForDeploymentPostprocessing = 0;
			shellPath = /bin/sh;
			shellScript = "\"${SRCROOT}/Pods/Target Support Files/Pods-Hangout/Pods-Hangout-frameworks.sh\"\n";
			showEnvVarsInLog = 0;
		};
/* End PBXShellScriptBuildPhase section */

/* Begin PBXSourcesBuildPhase section */
		D029D82D1DB05A4900A79CFC /* Sources */ = {
			isa = PBXSourcesBuildPhase;
			buildActionMask = 2147483647;
			files = (
				D09254CB1DD28AFC009C6F97 /* GroupViewController.swift in Sources */,
				D0A36E1F1DD1AFFE00D5F648 /* Hangout+CoreDataClass.swift in Sources */,
				D0A36E221DD1AFFE00D5F648 /* Group+CoreDataProperties.swift in Sources */,
				D05E84F91DD31851004477C9 /* HangoutTableCell.swift in Sources */,
				D0A36E211DD1AFFE00D5F648 /* Group+CoreDataClass.swift in Sources */,
				D0025AF21DB819DE008C8A54 /* PlaceMarker.swift in Sources */,
				D029D8391DB05A4900A79CFC /* GroupListViewController.swift in Sources */,
				D029D8351DB05A4900A79CFC /* AppDelegate.swift in Sources */,
				D0A36E231DD1AFFE00D5F648 /* User+CoreDataClass.swift in Sources */,
				D048FFAC1DC9458800822BF4 /* UserTableCell.swift in Sources */,
				D0A36E241DD1AFFE00D5F648 /* User+CoreDataProperties.swift in Sources */,
				D012E5A31DCBD7A900066C94 /* Hangout.xcdatamodeld in Sources */,
				D0A36E201DD1AFFE00D5F648 /* Hangout+CoreDataProperties.swift in Sources */,
				D048FFA81DC8683800822BF4 /* AddMembersViewController.swift in Sources */,
				D0025AF41DB9954B008C8A54 /* GroupTableCell.swift in Sources */,
				D029D8371DB05A4900A79CFC /* RecommendationViewController.swift in Sources */,
				D029D84A1DB05B8C00A79CFC /* SettingsViewController.swift in Sources */,
			);
			runOnlyForDeploymentPostprocessing = 0;
		};
/* End PBXSourcesBuildPhase section */

/* Begin PBXVariantGroup section */
		D029D83A1DB05A4900A79CFC /* Main.storyboard */ = {
			isa = PBXVariantGroup;
			children = (
				D029D83B1DB05A4900A79CFC /* Base */,
			);
			name = Main.storyboard;
			sourceTree = "<group>";
		};
		D029D83F1DB05A4900A79CFC /* LaunchScreen.storyboard */ = {
			isa = PBXVariantGroup;
			children = (
				D029D8401DB05A4900A79CFC /* Base */,
			);
			name = LaunchScreen.storyboard;
			sourceTree = "<group>";
		};
/* End PBXVariantGroup section */

/* Begin XCBuildConfiguration section */
		D029D8431DB05A4900A79CFC /* Debug */ = {
			isa = XCBuildConfiguration;
			buildSettings = {
				ALWAYS_SEARCH_USER_PATHS = NO;
				CLANG_ANALYZER_NONNULL = YES;
				CLANG_CXX_LANGUAGE_STANDARD = "gnu++0x";
				CLANG_CXX_LIBRARY = "libc++";
				CLANG_ENABLE_MODULES = YES;
				CLANG_ENABLE_OBJC_ARC = YES;
				CLANG_WARN_BOOL_CONVERSION = YES;
				CLANG_WARN_CONSTANT_CONVERSION = YES;
				CLANG_WARN_DIRECT_OBJC_ISA_USAGE = YES_ERROR;
				CLANG_WARN_DOCUMENTATION_COMMENTS = YES;
				CLANG_WARN_EMPTY_BODY = YES;
				CLANG_WARN_ENUM_CONVERSION = YES;
				CLANG_WARN_INFINITE_RECURSION = YES;
				CLANG_WARN_INT_CONVERSION = YES;
				CLANG_WARN_OBJC_ROOT_CLASS = YES_ERROR;
				CLANG_WARN_SUSPICIOUS_MOVE = YES;
				CLANG_WARN_SUSPICIOUS_MOVES = YES;
				CLANG_WARN_UNREACHABLE_CODE = YES;
				CLANG_WARN__DUPLICATE_METHOD_MATCH = YES;
				"CODE_SIGN_IDENTITY[sdk=iphoneos*]" = "iPhone Developer";
				COPY_PHASE_STRIP = NO;
				DEBUG_INFORMATION_FORMAT = dwarf;
				ENABLE_STRICT_OBJC_MSGSEND = YES;
				ENABLE_TESTABILITY = YES;
				GCC_C_LANGUAGE_STANDARD = gnu99;
				GCC_DYNAMIC_NO_PIC = NO;
				GCC_NO_COMMON_BLOCKS = YES;
				GCC_OPTIMIZATION_LEVEL = 0;
				GCC_PREPROCESSOR_DEFINITIONS = (
					"DEBUG=1",
					"$(inherited)",
				);
				GCC_WARN_64_TO_32_BIT_CONVERSION = YES;
				GCC_WARN_ABOUT_RETURN_TYPE = YES_ERROR;
				GCC_WARN_UNDECLARED_SELECTOR = YES;
				GCC_WARN_UNINITIALIZED_AUTOS = YES_AGGRESSIVE;
				GCC_WARN_UNUSED_FUNCTION = YES;
				GCC_WARN_UNUSED_VARIABLE = YES;
				IPHONEOS_DEPLOYMENT_TARGET = 10.0;
				MTL_ENABLE_DEBUG_INFO = YES;
				ONLY_ACTIVE_ARCH = YES;
				SDKROOT = iphoneos;
				SWIFT_ACTIVE_COMPILATION_CONDITIONS = DEBUG;
				SWIFT_OPTIMIZATION_LEVEL = "-Onone";
				TARGETED_DEVICE_FAMILY = "1,2";
			};
			name = Debug;
		};
		D029D8441DB05A4900A79CFC /* Release */ = {
			isa = XCBuildConfiguration;
			buildSettings = {
				ALWAYS_SEARCH_USER_PATHS = NO;
				CLANG_ANALYZER_NONNULL = YES;
				CLANG_CXX_LANGUAGE_STANDARD = "gnu++0x";
				CLANG_CXX_LIBRARY = "libc++";
				CLANG_ENABLE_MODULES = YES;
				CLANG_ENABLE_OBJC_ARC = YES;
				CLANG_WARN_BOOL_CONVERSION = YES;
				CLANG_WARN_CONSTANT_CONVERSION = YES;
				CLANG_WARN_DIRECT_OBJC_ISA_USAGE = YES_ERROR;
				CLANG_WARN_DOCUMENTATION_COMMENTS = YES;
				CLANG_WARN_EMPTY_BODY = YES;
				CLANG_WARN_ENUM_CONVERSION = YES;
				CLANG_WARN_INFINITE_RECURSION = YES;
				CLANG_WARN_INT_CONVERSION = YES;
				CLANG_WARN_OBJC_ROOT_CLASS = YES_ERROR;
				CLANG_WARN_SUSPICIOUS_MOVE = YES;
				CLANG_WARN_SUSPICIOUS_MOVES = YES;
				CLANG_WARN_UNREACHABLE_CODE = YES;
				CLANG_WARN__DUPLICATE_METHOD_MATCH = YES;
				"CODE_SIGN_IDENTITY[sdk=iphoneos*]" = "iPhone Developer";
				COPY_PHASE_STRIP = NO;
				DEBUG_INFORMATION_FORMAT = "dwarf-with-dsym";
				ENABLE_NS_ASSERTIONS = NO;
				ENABLE_STRICT_OBJC_MSGSEND = YES;
				GCC_C_LANGUAGE_STANDARD = gnu99;
				GCC_NO_COMMON_BLOCKS = YES;
				GCC_WARN_64_TO_32_BIT_CONVERSION = YES;
				GCC_WARN_ABOUT_RETURN_TYPE = YES_ERROR;
				GCC_WARN_UNDECLARED_SELECTOR = YES;
				GCC_WARN_UNINITIALIZED_AUTOS = YES_AGGRESSIVE;
				GCC_WARN_UNUSED_FUNCTION = YES;
				GCC_WARN_UNUSED_VARIABLE = YES;
				IPHONEOS_DEPLOYMENT_TARGET = 10.0;
				MTL_ENABLE_DEBUG_INFO = NO;
				SDKROOT = iphoneos;
				SWIFT_OPTIMIZATION_LEVEL = "-Owholemodule";
				TARGETED_DEVICE_FAMILY = "1,2";
				VALIDATE_PRODUCT = YES;
			};
			name = Release;
		};
		D029D8461DB05A4900A79CFC /* Debug */ = {
			isa = XCBuildConfiguration;
			baseConfigurationReference = 365B2D06677741C9E5D72067 /* Pods-Hangout.debug.xcconfig */;
			buildSettings = {
				ASSETCATALOG_COMPILER_APPICON_NAME = AppIcon;
				DEVELOPMENT_TEAM = 4SWT652875;
				FRAMEWORK_SEARCH_PATHS = (
					"$(inherited)",
					"$(PROJECT_DIR)",
				);
				INFOPLIST_FILE = Hangout/Info.plist;
				LD_RUNPATH_SEARCH_PATHS = "$(inherited) @executable_path/Frameworks";
				PRODUCT_BUNDLE_IDENTIFIER = com.dvallar.ios.Hangout;
				PRODUCT_NAME = "$(TARGET_NAME)";
				SWIFT_VERSION = 3.0;
			};
			name = Debug;
		};
		D029D8471DB05A4900A79CFC /* Release */ = {
			isa = XCBuildConfiguration;
			baseConfigurationReference = 31291CA72454FC519D7FF9D0 /* Pods-Hangout.release.xcconfig */;
			buildSettings = {
				ASSETCATALOG_COMPILER_APPICON_NAME = AppIcon;
				DEVELOPMENT_TEAM = 4SWT652875;
				FRAMEWORK_SEARCH_PATHS = (
					"$(inherited)",
					"$(PROJECT_DIR)",
				);
				INFOPLIST_FILE = Hangout/Info.plist;
				LD_RUNPATH_SEARCH_PATHS = "$(inherited) @executable_path/Frameworks";
				PRODUCT_BUNDLE_IDENTIFIER = com.dvallar.ios.Hangout;
				PRODUCT_NAME = "$(TARGET_NAME)";
				SWIFT_VERSION = 3.0;
			};
			name = Release;
		};
/* End XCBuildConfiguration section */

/* Begin XCConfigurationList section */
		D029D82C1DB05A4800A79CFC /* Build configuration list for PBXProject "Hangout" */ = {
			isa = XCConfigurationList;
			buildConfigurations = (
				D029D8431DB05A4900A79CFC /* Debug */,
				D029D8441DB05A4900A79CFC /* Release */,
			);
			defaultConfigurationIsVisible = 0;
			defaultConfigurationName = Release;
		};
		D029D8451DB05A4900A79CFC /* Build configuration list for PBXNativeTarget "Hangout" */ = {
			isa = XCConfigurationList;
			buildConfigurations = (
				D029D8461DB05A4900A79CFC /* Debug */,
				D029D8471DB05A4900A79CFC /* Release */,
			);
			defaultConfigurationIsVisible = 0;
			defaultConfigurationName = Release;
		};
/* End XCConfigurationList section */

/* Begin XCVersionGroup section */
		D012E5A11DCBD7A900066C94 /* Hangout.xcdatamodeld */ = {
			isa = XCVersionGroup;
			children = (
				D012E5A21DCBD7A900066C94 /* Hangout.xcdatamodel */,
			);
			currentVersion = D012E5A21DCBD7A900066C94 /* Hangout.xcdatamodel */;
			path = Hangout.xcdatamodeld;
			sourceTree = "<group>";
			versionGroupType = wrapper.xcdatamodel;
		};
/* End XCVersionGroup section */
	};
	rootObject = D029D8291DB05A4800A79CFC /* Project object */;
}
